{
  "nodes": {
    "nixpkgs": {
      "locked": {
        "lastModified": 1747144772,
        "narHash": "sha256-ELLsXG42HQOI7+qyWBOvKCO2bCbVFpD+vMfhj0/BOAI=",
        "owner": "NixOS",
        "repo": "nixpkgs",
        "rev": "873672a3ac335dfa544ab320d5cfae8e02199c0e",
        "type": "github"
      },
      "original": {
        "owner": "NixOS",
        "repo": "nixpkgs",
        "type": "github"
      }
    },
    "root": {
      "inputs": {
        "nixpkgs": "nixpkgs",
        "vims": "vims"
      }
    },
    "vims": {
      "inputs": {
        "nixpkgs": [
          "nixpkgs"
        ]
      },
      "locked": {
        "lastModified": 1729200329,
        "narHash": "sha256-6RuLqKaiJQEoYNVpS7rqLLmVHRe+NEs/4KIgzsZv3+g=",
        "owner": "countoren",
        "repo": "vims",
        "rev": "975d872c679ebb64f9a60fb84cdf263a1f6b5d0b",
        "type": "github"
      },
      "original": {
        "owner": "countoren",
        "repo": "vims",
        "type": "github"
      }
    }
  },
  "root": "root",
  "version": 7
}
